{
  "name": "rust-web-box-e2e",
  "version": "0.1.0",
  "lockfileVersion": 3,
  "requires": true,
  "packages": {
    "": {
      "name": "rust-web-box-e2e",
      "version": "0.1.0",
      "dependencies": {
        "browser-commander": "^0.8.0",
        "playwright": "^1.59.1"
      }
    },
    "node_modules/browser-commander": {
      "version": "0.8.0",
      "resolved": "https://registry.npmjs.org/browser-commander/-/browser-commander-0.8.0.tgz",
      "integrity": "sha512-0QyJanlHG8tQ8hAd7i76J0HQG07xE9i8cDVGx7g/NEnjnUDEy6d1ScB4X7R4MPPWTkeoiQwauPBsCQMta61KKA==",
      "license": "UNLICENSE",
      "dependencies": {
        "log-lazy": "^1.0.4"
      },
      "engines": {
        "node": ">=20.0.0"
      },
      "peerDependencies": {
        "playwright": ">=1.40.0",
        "puppeteer": ">=21.0.0"
      },
      "peerDependenciesMeta": {
        "playwright": {
          "optional": true
        },
        "puppeteer": {
          "optional": true
        }
      }
    },
    "node_modules/fsevents": {
      "version": "2.3.2",
      "resolved": "https://registry.npmjs.org/fsevents/-/fsevents-2.3.2.tgz",
      "integrity": "sha512-xiqMQR4xAeHTuB9uWm+fFRcIOgKBMiOBP+eXiyT7jsgVCq1bkVygt00oASowB7EdtpOHaaPgKt812P9ab+DDKA==",
      "hasInstallScript": true,
      "license": "MIT",
      "optional": true,
      "os": [
        "darwin"
      ],
      "engines": {
        "node": "^8.16.0 || ^10.6.0 || >=11.0.0"
      }
    },
    "node_modules/log-lazy": {
      "version": "1.0.4",
      "resolved": "https://registry.npmjs.org/log-lazy/-/log-lazy-1.0.4.tgz",
      "integrity": "sha512-UHTdwIjZymnYIaNA5l6mW7YEQpJYXGhWsRwpblG+BpA8oThnsCj69JPy+CDRo6T2oi39u5TChlcqCfk+Qh6mHg==",
      "license": "Unlicense",
      "engines": {
        "bun": ">=1.0.0",
        "deno": ">=2.0.0",
        "node": ">=20.0.0"
      }
    },
    "node_modules/playwright": {
      "version": "1.59.1",
      "resolved": "https://registry.npmjs.org/playwright/-/playwright-1.59.1.tgz",
      "integrity": "sha512-C8oWjPR3F81yljW9o5OxcWzfh6avkVwDD2VYdwIGqTkl+OGFISgypqzfu7dOe4QNLL2aqcWBmI3PMtLIK233lw==",
      "license": "Apache-2.0",
      "dependencies": {
        "playwright-core": "1.59.1"
      },
      "bin": {
        "playwright": "cli.js"
      },
      "engines": {
        "node": ">=18"
      },
      "optionalDependencies": {
        "fsevents": "2.3.2"
      }
    },
    "node_modules/playwright-core": {
      "version": "1.59.1",
      "resolved": "https://registry.npmjs.org/playwright-core/-/playwright-core-1.59.1.tgz",
      "integrity": "sha512-HBV/RJg81z5BiiZ9yPzIiClYV/QMsDCKUyogwH9p3MCP6IYjUFu/MActgYAvK0oWyV9NlwM3GLBjADyWgydVyg==",
      "license": "Apache-2.0",
      "bin": {
        "playwright-core": "cli.js"
      },
      "engines": {
        "node": ">=18"
      }
    }
  }
}
